
Microsoft Visual Studio Solution File, Format Version 12.00
# Visual Studio Version 17
VisualStudioVersion = 17.3.32929.385
MinimumVisualStudioVersion = 10.0.40219.1
Project("{C7167F0D-BC9F-4E6E-AFE1-012C56B48DB5}") = "ReactNativeWebviewExample.Package", "ReactNativeWebviewExample.Package\ReactNativeWebviewExample.Package.wapproj", "{F294AC92-AAA5-41FC-BC53-26EB87074E5F}"
EndProject
Project("{8BC9CEB8-8B4A-11D0-8D11-00A0C91BC942}") = "ReactNativeWebviewExample", "ReactNativeWebviewExample\ReactNativeWebviewExample.vcxproj", "{5E29EC3F-E925-437F-A665-BECD8A29BD38}"
EndProject
Global
	GlobalSection(SolutionConfigurationPlatforms) = preSolution
		Debug|x64 = Debug|x64
		Debug|x86 = Debug|x86
		Debug|ARM64 = Debug|ARM64
		Release|x64 = Release|x64
		Release|x86 = Release|x86
		Release|ARM64 = Release|ARM64
	EndGlobalSection
	GlobalSection(ProjectConfigurationPlatforms) = postSolution
		{F294AC92-AAA5-41FC-BC53-26EB87074E5F}.Debug|x64.ActiveCfg = Debug|x64
		{F294AC92-AAA5-41FC-BC53-26EB87074E5F}.Debug|x64.Build.0 = Debug|x64
		{F294AC92-AAA5-41FC-BC53-26EB87074E5F}.Debug|x64.Deploy.0 = Debug|x64
		{F294AC92-AAA5-41FC-BC53-26EB87074E5F}.Debug|x86.ActiveCfg = Debug|x86
		{F294AC92-AAA5-41FC-BC53-26EB87074E5F}.Debug|x86.Build.0 = Debug|x86
		{F294AC92-AAA5-41FC-BC53-26EB87074E5F}.Debug|x86.Deploy.0 = Debug|x86
		{F294AC92-AAA5-41FC-BC53-26EB87074E5F}.Debug|ARM64.ActiveCfg = Debug|ARM64
		{F294AC92-AAA5-41FC-BC53-26EB87074E5F}.Debug|ARM64.Build.0 = Debug|ARM64
		{F294AC92-AAA5-41FC-BC53-26EB87074E5F}.Debug|ARM64.Deploy.0 = Debug|ARM64
		{F294AC92-AAA5-41FC-BC53-26EB87074E5F}.Release|x64.ActiveCfg = Release|x64
		{F294AC92-AAA5-41FC-BC53-26EB87074E5F}.Release|x64.Build.0 = Release|x64
		{F294AC92-AAA5-41FC-BC53-26EB87074E5F}.Release|x64.Deploy.0 = Release|x64
		{F294AC92-AAA5-41FC-BC53-26EB87074E5F}.Release|x86.ActiveCfg = Release|x86
		{F294AC92-AAA5-41FC-BC53-26EB87074E5F}.Release|x86.Build.0 = Release|x86
		{F294AC92-AAA5-41FC-BC53-26EB87074E5F}.Release|x86.Deploy.0 = Release|x86
		{F294AC92-AAA5-41FC-BC53-26EB87074E5F}.Release|ARM64.ActiveCfg = Release|ARM64
		{F294AC92-AAA5-41FC-BC53-26EB87074E5F}.Release|ARM64.Build.0 = Release|ARM64
		{F294AC92-AAA5-41FC-BC53-26EB87074E5F}.Release|ARM64.Deploy.0 = Release|ARM64
		{5E29EC3F-E925-437F-A665-BECD8A29BD38}.Debug|x64.ActiveCfg = Debug|x64
		{5E29EC3F-E925-437F-A665-BECD8A29BD38}.Debug|x64.Build.0 = Debug|x64
		{5E29EC3F-E925-437F-A665-BECD8A29BD38}.Debug|x64.Deploy.0 = Debug|x64
		{5E29EC3F-E925-437F-A665-BECD8A29BD38}.Debug|x86.ActiveCfg = Debug|Win32
		{5E29EC3F-E925-437F-A665-BECD8A29BD38}.Debug|x86.Build.0 = Debug|Win32
		{5E29EC3F-E925-437F-A665-BECD8A29BD38}.Debug|x86.Deploy.0 = Debug|Win32
		{5E29EC3F-E925-437F-A665-BECD8A29BD38}.Debug|ARM64.ActiveCfg = Debug|ARM64
		{5E29EC3F-E925-437F-A665-BECD8A29BD38}.Debug|ARM64.Build.0 = Debug|ARM64
		{5E29EC3F-E925-437F-A665-BECD8A29BD38}.Debug|ARM64.Deploy.0 = Debug|ARM64
		{5E29EC3F-E925-437F-A665-BECD8A29BD38}.Release|x64.ActiveCfg = Release|x64
		{5E29EC3F-E925-437F-A665-BECD8A29BD38}.Release|x64.Build.0 = Release|x64
		{5E29EC3F-E925-437F-A665-BECD8A29BD38}.Release|x64.Deploy.0 = Release|x64
		{5E29EC3F-E925-437F-A665-BECD8A29BD38}.Release|x86.ActiveCfg = Release|Win32
		{5E29EC3F-E925-437F-A665-BECD8A29BD38}.Release|x86.Build.0 = Release|Win32
		{5E29EC3F-E925-437F-A665-BECD8A29BD38}.Release|x86.Deploy.0 = Release|Win32
		{5E29EC3F-E925-437F-A665-BECD8A29BD38}.Release|ARM64.ActiveCfg = Release|ARM64
		{5E29EC3F-E925-437F-A665-BECD8A29BD38}.Release|ARM64.Build.0 = Release|ARM64
		{5E29EC3F-E925-437F-A665-BECD8A29BD38}.Release|ARM64.Deploy.0 = Release|ARM64
	EndGlobalSection
	GlobalSection(SolutionProperties) = preSolution
		HideSolutionNode = FALSE
	EndGlobalSection
	GlobalSection(ExtensibilityGlobals) = postSolution
		SolutionGuid = {D43FAD39-F619-437D-BB40-04A3982ACB6A}
	EndGlobalSection
EndGlobal
