PODS:
  - boost (1.76.0)
  - DoubleConversion (1.1.6)
  - FBLazyVector (0.71.0-rc.5)
  - FBReactNativeSpec (0.71.0-rc.5):
    - RCT-Folly (= 2021.07.22.00)
    - RCTRequired (= 0.71.0-rc.5)
    - RCTTypeSafety (= 0.71.0-rc.5)
    - React-Core (= 0.71.0-rc.5)
    - React-jsi (= 0.71.0-rc.5)
    - ReactCommon/turbomodule/core (= 0.71.0-rc.5)
  - fmt (6.2.1)
  - glog (0.3.5)
  - RCT-Folly (2021.07.22.00):
    - boost
    - DoubleConversion
    - fmt (~> 6.2.1)
    - glog
    - RCT-Folly/Default (= 2021.07.22.00)
  - RCT-Folly/Default (2021.07.22.00):
    - boost
    - DoubleConversion
    - fmt (~> 6.2.1)
    - glog
  - RCTRequired (0.71.0-rc.5)
  - RCTTypeSafety (0.71.0-rc.5):
    - FBLazyVector (= 0.71.0-rc.5)
    - RCTRequired (= 0.71.0-rc.5)
    - React-Core (= 0.71.0-rc.5)
  - React (0.71.0-rc.5):
    - React-Core (= 0.71.0-rc.5)
    - React-Core/DevSupport (= 0.71.0-rc.5)
    - React-Core/RCTWebSocket (= 0.71.0-rc.5)
    - React-RCTActionSheet (= 0.71.0-rc.5)
    - React-RCTAnimation (= 0.71.0-rc.5)
    - React-RCTBlob (= 0.71.0-rc.5)
    - React-RCTImage (= 0.71.0-rc.5)
    - React-RCTLinking (= 0.71.0-rc.5)
    - React-RCTNetwork (= 0.71.0-rc.5)
    - React-RCTSettings (= 0.71.0-rc.5)
    - React-RCTText (= 0.71.0-rc.5)
    - React-RCTVibration (= 0.71.0-rc.5)
  - React-callinvoker (0.71.0-rc.5)
  - React-Codegen (0.71.0-rc.5):
    - FBReactNativeSpec
    - RCT-Folly
    - RCTRequired
    - RCTTypeSafety
    - React-Core
    - React-jsc
    - React-jsi
    - React-jsiexecutor
    - ReactCommon/turbomodule/bridging
    - ReactCommon/turbomodule/core
  - React-Core (0.71.0-rc.5):
    - glog
    - RCT-Folly (= 2021.07.22.00)
    - React-Core/Default (= 0.71.0-rc.5)
    - React-cxxreact (= 0.71.0-rc.5)
    - React-jsi (= 0.71.0-rc.5)
    - React-jsiexecutor (= 0.71.0-rc.5)
    - React-perflogger (= 0.71.0-rc.5)
    - Yoga
  - React-Core/CoreModulesHeaders (0.71.0-rc.5):
    - glog
    - RCT-Folly (= 2021.07.22.00)
    - React-Core/Default
    - React-cxxreact (= 0.71.0-rc.5)
    - React-jsi (= 0.71.0-rc.5)
    - React-jsiexecutor (= 0.71.0-rc.5)
    - React-perflogger (= 0.71.0-rc.5)
    - Yoga
  - React-Core/Default (0.71.0-rc.5):
    - glog
    - RCT-Folly (= 2021.07.22.00)
    - React-cxxreact (= 0.71.0-rc.5)
    - React-jsi (= 0.71.0-rc.5)
    - React-jsiexecutor (= 0.71.0-rc.5)
    - React-perflogger (= 0.71.0-rc.5)
    - Yoga
  - React-Core/DevSupport (0.71.0-rc.5):
    - glog
    - RCT-Folly (= 2021.07.22.00)
    - React-Core/Default (= 0.71.0-rc.5)
    - React-Core/RCTWebSocket (= 0.71.0-rc.5)
    - React-cxxreact (= 0.71.0-rc.5)
    - React-jsi (= 0.71.0-rc.5)
    - React-jsiexecutor (= 0.71.0-rc.5)
    - React-jsinspector (= 0.71.0-rc.5)
    - React-perflogger (= 0.71.0-rc.5)
    - Yoga
  - React-Core/RCTActionSheetHeaders (0.71.0-rc.5):
    - glog
    - RCT-Folly (= 2021.07.22.00)
    - React-Core/Default
    - React-cxxreact (= 0.71.0-rc.5)
    - React-jsi (= 0.71.0-rc.5)
    - React-jsiexecutor (= 0.71.0-rc.5)
    - React-perflogger (= 0.71.0-rc.5)
    - Yoga
  - React-Core/RCTAnimationHeaders (0.71.0-rc.5):
    - glog
    - RCT-Folly (= 2021.07.22.00)
    - React-Core/Default
    - React-cxxreact (= 0.71.0-rc.5)
    - React-jsi (= 0.71.0-rc.5)
    - React-jsiexecutor (= 0.71.0-rc.5)
    - React-perflogger (= 0.71.0-rc.5)
    - Yoga
  - React-Core/RCTBlobHeaders (0.71.0-rc.5):
    - glog
    - RCT-Folly (= 2021.07.22.00)
    - React-Core/Default
    - React-cxxreact (= 0.71.0-rc.5)
    - React-jsi (= 0.71.0-rc.5)
    - React-jsiexecutor (= 0.71.0-rc.5)
    - React-perflogger (= 0.71.0-rc.5)
    - Yoga
  - React-Core/RCTImageHeaders (0.71.0-rc.5):
    - glog
    - RCT-Folly (= 2021.07.22.00)
    - React-Core/Default
    - React-cxxreact (= 0.71.0-rc.5)
    - React-jsi (= 0.71.0-rc.5)
    - React-jsiexecutor (= 0.71.0-rc.5)
    - React-perflogger (= 0.71.0-rc.5)
    - Yoga
  - React-Core/RCTLinkingHeaders (0.71.0-rc.5):
    - glog
    - RCT-Folly (= 2021.07.22.00)
    - React-Core/Default
    - React-cxxreact (= 0.71.0-rc.5)
    - React-jsi (= 0.71.0-rc.5)
    - React-jsiexecutor (= 0.71.0-rc.5)
    - React-perflogger (= 0.71.0-rc.5)
    - Yoga
  - React-Core/RCTNetworkHeaders (0.71.0-rc.5):
    - glog
    - RCT-Folly (= 2021.07.22.00)
    - React-Core/Default
    - React-cxxreact (= 0.71.0-rc.5)
    - React-jsi (= 0.71.0-rc.5)
    - React-jsiexecutor (= 0.71.0-rc.5)
    - React-perflogger (= 0.71.0-rc.5)
    - Yoga
  - React-Core/RCTSettingsHeaders (0.71.0-rc.5):
    - glog
    - RCT-Folly (= 2021.07.22.00)
    - React-Core/Default
    - React-cxxreact (= 0.71.0-rc.5)
    - React-jsi (= 0.71.0-rc.5)
    - React-jsiexecutor (= 0.71.0-rc.5)
    - React-perflogger (= 0.71.0-rc.5)
    - Yoga
  - React-Core/RCTTextHeaders (0.71.0-rc.5):
    - glog
    - RCT-Folly (= 2021.07.22.00)
    - React-Core/Default
    - React-cxxreact (= 0.71.0-rc.5)
    - React-jsi (= 0.71.0-rc.5)
    - React-jsiexecutor (= 0.71.0-rc.5)
    - React-perflogger (= 0.71.0-rc.5)
    - Yoga
  - React-Core/RCTVibrationHeaders (0.71.0-rc.5):
    - glog
    - RCT-Folly (= 2021.07.22.00)
    - React-Core/Default
    - React-cxxreact (= 0.71.0-rc.5)
    - React-jsi (= 0.71.0-rc.5)
    - React-jsiexecutor (= 0.71.0-rc.5)
    - React-perflogger (= 0.71.0-rc.5)
    - Yoga
  - React-Core/RCTWebSocket (0.71.0-rc.5):
    - glog
    - RCT-Folly (= 2021.07.22.00)
    - React-Core/Default (= 0.71.0-rc.5)
    - React-cxxreact (= 0.71.0-rc.5)
    - React-jsi (= 0.71.0-rc.5)
    - React-jsiexecutor (= 0.71.0-rc.5)
    - React-perflogger (= 0.71.0-rc.5)
    - Yoga
  - React-CoreModules (0.71.0-rc.5):
    - RCT-Folly (= 2021.07.22.00)
    - RCTTypeSafety (= 0.71.0-rc.5)
    - React-Codegen (= 0.71.0-rc.5)
    - React-Core/CoreModulesHeaders (= 0.71.0-rc.5)
    - React-jsi (= 0.71.0-rc.5)
    - React-RCTImage (= 0.71.0-rc.5)
    - ReactCommon/turbomodule/core (= 0.71.0-rc.5)
  - React-cxxreact (0.71.0-rc.5):
    - boost (= 1.76.0)
    - DoubleConversion
    - glog
    - RCT-Folly (= 2021.07.22.00)
    - React-callinvoker (= 0.71.0-rc.5)
    - React-jsi (= 0.71.0-rc.5)
    - React-jsinspector (= 0.71.0-rc.5)
    - React-logger (= 0.71.0-rc.5)
    - React-perflogger (= 0.71.0-rc.5)
    - React-runtimeexecutor (= 0.71.0-rc.5)
  - React-jsc (0.71.0-rc.5):
    - React-jsc/Fabric (= 0.71.0-rc.5)
    - React-jsi (= 0.71.0-rc.5)
  - React-jsc/Fabric (0.71.0-rc.5):
    - React-jsi (= 0.71.0-rc.5)
  - React-jsi (0.71.0-rc.5):
    - boost (= 1.76.0)
    - DoubleConversion
    - glog
    - RCT-Folly (= 2021.07.22.00)
  - React-jsiexecutor (0.71.0-rc.5):
    - DoubleConversion
    - glog
    - RCT-Folly (= 2021.07.22.00)
    - React-cxxreact (= 0.71.0-rc.5)
    - React-jsi (= 0.71.0-rc.5)
    - React-perflogger (= 0.71.0-rc.5)
  - React-jsinspector (0.71.0-rc.5)
  - React-logger (0.71.0-rc.5):
    - glog
  - react-native-webview (11.26.0):
    - React-Core
  - React-perflogger (0.71.0-rc.5)
  - React-RCTActionSheet (0.71.0-rc.5):
    - React-Core/RCTActionSheetHeaders (= 0.71.0-rc.5)
  - React-RCTAnimation (0.71.0-rc.5):
    - RCT-Folly (= 2021.07.22.00)
    - RCTTypeSafety (= 0.71.0-rc.5)
    - React-Codegen (= 0.71.0-rc.5)
    - React-Core/RCTAnimationHeaders (= 0.71.0-rc.5)
    - React-jsi (= 0.71.0-rc.5)
    - ReactCommon/turbomodule/core (= 0.71.0-rc.5)
  - React-RCTAppDelegate (0.71.0-rc.5):
    - RCT-Folly
    - RCTRequired
    - RCTTypeSafety
    - React-Core
    - ReactCommon/turbomodule/core
  - React-RCTBlob (0.71.0-rc.5):
    - RCT-Folly (= 2021.07.22.00)
    - React-Codegen (= 0.71.0-rc.5)
    - React-Core/RCTBlobHeaders (= 0.71.0-rc.5)
    - React-Core/RCTWebSocket (= 0.71.0-rc.5)
    - React-jsi (= 0.71.0-rc.5)
    - React-RCTNetwork (= 0.71.0-rc.5)
    - ReactCommon/turbomodule/core (= 0.71.0-rc.5)
  - React-RCTImage (0.71.0-rc.5):
    - RCT-Folly (= 2021.07.22.00)
    - RCTTypeSafety (= 0.71.0-rc.5)
    - React-Codegen (= 0.71.0-rc.5)
    - React-Core/RCTImageHeaders (= 0.71.0-rc.5)
    - React-jsi (= 0.71.0-rc.5)
    - React-RCTNetwork (= 0.71.0-rc.5)
    - ReactCommon/turbomodule/core (= 0.71.0-rc.5)
  - React-RCTLinking (0.71.0-rc.5):
    - React-Codegen (= 0.71.0-rc.5)
    - React-Core/RCTLinkingHeaders (= 0.71.0-rc.5)
    - React-jsi (= 0.71.0-rc.5)
    - ReactCommon/turbomodule/core (= 0.71.0-rc.5)
  - React-RCTNetwork (0.71.0-rc.5):
    - RCT-Folly (= 2021.07.22.00)
    - RCTTypeSafety (= 0.71.0-rc.5)
    - React-Codegen (= 0.71.0-rc.5)
    - React-Core/RCTNetworkHeaders (= 0.71.0-rc.5)
    - React-jsi (= 0.71.0-rc.5)
    - ReactCommon/turbomodule/core (= 0.71.0-rc.5)
  - React-RCTSettings (0.71.0-rc.5):
    - RCT-Folly (= 2021.07.22.00)
    - RCTTypeSafety (= 0.71.0-rc.5)
    - React-Codegen (= 0.71.0-rc.5)
    - React-Core/RCTSettingsHeaders (= 0.71.0-rc.5)
    - React-jsi (= 0.71.0-rc.5)
    - ReactCommon/turbomodule/core (= 0.71.0-rc.5)
  - React-RCTText (0.71.0-rc.5):
    - React-Core/RCTTextHeaders (= 0.71.0-rc.5)
  - React-RCTVibration (0.71.0-rc.5):
    - RCT-Folly (= 2021.07.22.00)
    - React-Codegen (= 0.71.0-rc.5)
    - React-Core/RCTVibrationHeaders (= 0.71.0-rc.5)
    - React-jsi (= 0.71.0-rc.5)
    - ReactCommon/turbomodule/core (= 0.71.0-rc.5)
  - React-runtimeexecutor (0.71.0-rc.5):
    - React-jsi (= 0.71.0-rc.5)
  - ReactCommon/turbomodule/bridging (0.71.0-rc.5):
    - DoubleConversion
    - glog
    - RCT-Folly (= 2021.07.22.00)
    - React-callinvoker (= 0.71.0-rc.5)
    - React-Core (= 0.71.0-rc.5)
    - React-cxxreact (= 0.71.0-rc.5)
    - React-jsi (= 0.71.0-rc.5)
    - React-logger (= 0.71.0-rc.5)
    - React-perflogger (= 0.71.0-rc.5)
  - ReactCommon/turbomodule/core (0.71.0-rc.5):
    - DoubleConversion
    - glog
    - RCT-Folly (= 2021.07.22.00)
    - React-callinvoker (= 0.71.0-rc.5)
    - React-Core (= 0.71.0-rc.5)
    - React-cxxreact (= 0.71.0-rc.5)
    - React-jsi (= 0.71.0-rc.5)
    - React-logger (= 0.71.0-rc.5)
    - React-perflogger (= 0.71.0-rc.5)
  - ReactTestApp-DevSupport (2.2.1):
    - React-Core
    - React-jsi
  - ReactTestApp-Resources (1.0.0-dev)
  - Yoga (1.14.0)

DEPENDENCIES:
  - boost (from `../../node_modules/react-native/third-party-podspecs/boost.podspec`)
  - DoubleConversion (from `../../node_modules/react-native/third-party-podspecs/DoubleConversion.podspec`)
  - FBLazyVector (from `../../node_modules/react-native/Libraries/FBLazyVector`)
  - FBReactNativeSpec (from `../../node_modules/react-native/React/FBReactNativeSpec`)
  - glog (from `../../node_modules/react-native/third-party-podspecs/glog.podspec`)
  - RCT-Folly (from `../../node_modules/react-native/third-party-podspecs/RCT-Folly.podspec`)
  - RCTRequired (from `../../node_modules/react-native/Libraries/RCTRequired`)
  - RCTTypeSafety (from `../../node_modules/react-native/Libraries/TypeSafety`)
  - React (from `../../node_modules/react-native/`)
  - React-callinvoker (from `../../node_modules/react-native/ReactCommon/callinvoker`)
  - React-Codegen (from `build/generated/ios`)
  - React-Core (from `../../node_modules/react-native/`)
  - React-Core/RCTWebSocket (from `../../node_modules/react-native/`)
  - React-CoreModules (from `../../node_modules/react-native/React/CoreModules`)
  - React-cxxreact (from `../../node_modules/react-native/ReactCommon/cxxreact`)
  - React-jsc (from `../../node_modules/react-native/ReactCommon/jsc`)
  - React-jsi (from `../../node_modules/react-native/ReactCommon/jsi`)
  - React-jsiexecutor (from `../../node_modules/react-native/ReactCommon/jsiexecutor`)
  - React-jsinspector (from `../../node_modules/react-native/ReactCommon/jsinspector`)
  - React-logger (from `../../node_modules/react-native/ReactCommon/logger`)
  - react-native-webview (from `../..`)
  - React-perflogger (from `../../node_modules/react-native/ReactCommon/reactperflogger`)
  - React-RCTActionSheet (from `../../node_modules/react-native/Libraries/ActionSheetIOS`)
  - React-RCTAnimation (from `../../node_modules/react-native/Libraries/NativeAnimation`)
  - React-RCTAppDelegate (from `../../node_modules/react-native/Libraries/AppDelegate`)
  - React-RCTBlob (from `../../node_modules/react-native/Libraries/Blob`)
  - React-RCTImage (from `../../node_modules/react-native/Libraries/Image`)
  - React-RCTLinking (from `../../node_modules/react-native/Libraries/LinkingIOS`)
  - React-RCTNetwork (from `../../node_modules/react-native/Libraries/Network`)
  - React-RCTSettings (from `../../node_modules/react-native/Libraries/Settings`)
  - React-RCTText (from `../../node_modules/react-native/Libraries/Text`)
  - React-RCTVibration (from `../../node_modules/react-native/Libraries/Vibration`)
  - React-runtimeexecutor (from `../../node_modules/react-native/ReactCommon/runtimeexecutor`)
  - ReactCommon/turbomodule/core (from `../../node_modules/react-native/ReactCommon`)
  - ReactTestApp-DevSupport (from `../../node_modules/react-native-test-app`)
  - ReactTestApp-Resources (from `..`)
  - Yoga (from `../../node_modules/react-native/ReactCommon/yoga`)

SPEC REPOS:
  trunk:
    - fmt

EXTERNAL SOURCES:
  boost:
    :podspec: "../../node_modules/react-native/third-party-podspecs/boost.podspec"
  DoubleConversion:
    :podspec: "../../node_modules/react-native/third-party-podspecs/DoubleConversion.podspec"
  FBLazyVector:
    :path: "../../node_modules/react-native/Libraries/FBLazyVector"
  FBReactNativeSpec:
    :path: "../../node_modules/react-native/React/FBReactNativeSpec"
  glog:
    :podspec: "../../node_modules/react-native/third-party-podspecs/glog.podspec"
  RCT-Folly:
    :podspec: "../../node_modules/react-native/third-party-podspecs/RCT-Folly.podspec"
  RCTRequired:
    :path: "../../node_modules/react-native/Libraries/RCTRequired"
  RCTTypeSafety:
    :path: "../../node_modules/react-native/Libraries/TypeSafety"
  React:
    :path: "../../node_modules/react-native/"
  React-callinvoker:
    :path: "../../node_modules/react-native/ReactCommon/callinvoker"
  React-Codegen:
    :path: build/generated/ios
  React-Core:
    :path: "../../node_modules/react-native/"
  React-CoreModules:
    :path: "../../node_modules/react-native/React/CoreModules"
  React-cxxreact:
    :path: "../../node_modules/react-native/ReactCommon/cxxreact"
  React-jsc:
    :path: "../../node_modules/react-native/ReactCommon/jsc"
  React-jsi:
    :path: "../../node_modules/react-native/ReactCommon/jsi"
  React-jsiexecutor:
    :path: "../../node_modules/react-native/ReactCommon/jsiexecutor"
  React-jsinspector:
    :path: "../../node_modules/react-native/ReactCommon/jsinspector"
  React-logger:
    :path: "../../node_modules/react-native/ReactCommon/logger"
  react-native-webview:
    :path: "../.."
  React-perflogger:
    :path: "../../node_modules/react-native/ReactCommon/reactperflogger"
  React-RCTActionSheet:
    :path: "../../node_modules/react-native/Libraries/ActionSheetIOS"
  React-RCTAnimation:
    :path: "../../node_modules/react-native/Libraries/NativeAnimation"
  React-RCTAppDelegate:
    :path: "../../node_modules/react-native/Libraries/AppDelegate"
  React-RCTBlob:
    :path: "../../node_modules/react-native/Libraries/Blob"
  React-RCTImage:
    :path: "../../node_modules/react-native/Libraries/Image"
  React-RCTLinking:
    :path: "../../node_modules/react-native/Libraries/LinkingIOS"
  React-RCTNetwork:
    :path: "../../node_modules/react-native/Libraries/Network"
  React-RCTSettings:
    :path: "../../node_modules/react-native/Libraries/Settings"
  React-RCTText:
    :path: "../../node_modules/react-native/Libraries/Text"
  React-RCTVibration:
    :path: "../../node_modules/react-native/Libraries/Vibration"
  React-runtimeexecutor:
    :path: "../../node_modules/react-native/ReactCommon/runtimeexecutor"
  ReactCommon:
    :path: "../../node_modules/react-native/ReactCommon"
  ReactTestApp-DevSupport:
    :path: "../../node_modules/react-native-test-app"
  ReactTestApp-Resources:
    :path: ".."
  Yoga:
    :path: "../../node_modules/react-native/ReactCommon/yoga"

SPEC CHECKSUMS:
  boost: 57d2868c099736d80fcd648bf211b4431e51a558
  DoubleConversion: 5189b271737e1565bdce30deb4a08d647e3f5f54
  FBLazyVector: 4033b8009f703d05ee38b5569963b749d96875f2
  FBReactNativeSpec: b2c5a7c51c5dfaf68824a3eb8ac31cba3d6be47e
  fmt: ff9d55029c625d3757ed641535fd4a75fedc7ce9
  glog: 04b94705f318337d7ead9e6d17c019bd9b1f6b1b
  RCT-Folly: 424b8c9a7a0b9ab2886ffe9c3b041ef628fd4fb1
  RCTRequired: db10a146f8028aa1711be3657ad74cc0fc2864d3
  RCTTypeSafety: a57d946bde79fa2f0ee2c9551542022d884b54d4
  React: 521e46386cd839eac23ef90e434c50b9b057fc72
  React-callinvoker: ee0f65cff876407414f88177c866761364a8b96c
  React-Codegen: 0ec8e1fe1d74dee6a2f951804ffae01aceb1faaa
  React-Core: c6571303b9546790e0e054ac4893414907cad798
  React-CoreModules: 37763ceffb7f4a7b09dbd60f1beabd9bcce5ea1e
  React-cxxreact: a2fe65ba92dd25d5d3c17dfad2e787278ec42665
  React-jsc: ac28e072a53243132b2fb02b2661ea2e79c12f44
  React-jsi: e34710ebd6ccd585279c5578d22dc41ba53aa113
  React-jsiexecutor: e322db2a13911f17f0ea182faaf5e3c730a8c9a7
  React-jsinspector: 55ec7f756a6b15df4b1b0b2246001a42771190c9
  React-logger: 79c2bd2ce2122aa7c4a2bcb7be274d91ba6fb700
  react-native-webview: bf7fae0a7188338b787a294ce9977c441abb6f5c
  React-perflogger: 6c81fa72c14bd8c7b34aa989edf59aa9d7baee58
  React-RCTActionSheet: 9fbf08df3759f11aae38c0182ada561eb64c216e
  React-RCTAnimation: 940ad0c37d927dc2a75ebeed34703ba0c9545ac7
  React-RCTAppDelegate: c89ee9d2939ffa401f373ea333a742a55b0ddbd9
  React-RCTBlob: b46f42b4c77f6d584b9a0c305a0c303dd327e325
  React-RCTImage: 096458e75cedf2ef586163bb145b54547422746d
  React-RCTLinking: b12d8a7106859a45e64300c91a4053bb6847e978
  React-RCTNetwork: a94510f8137b6d4c907747f6e1ecf6cef72c72be
  React-RCTSettings: ce4f9b5e15eb03534fff9fefd17ee13f0a51465b
  React-RCTText: f781478b3015a90e5481a3ced9340899ba7b54be
  React-RCTVibration: 06d81498c64ce27065796bf44c6b101c7ab76e1f
  React-runtimeexecutor: b7dcd6b5cdef671b6177cae517a68e37437989e1
  ReactCommon: 22ec04726eb397686d75debf5ea97c09b6abab83
  ReactTestApp-DevSupport: a2442551b97dfd4594515acf62de6fb97ca008d0
  ReactTestApp-Resources: ff5f151e465e890010b417ce65ca6c5de6aeccbb
  Yoga: 81db1f51b5d3ea7eeb1b76a6890caffa45229cb2

PODFILE CHECKSUM: 8344c021910ed9b6a9bb9985ff8f7f05a68b19c1

COCOAPODS: 1.11.3
