PODS:
  - boost-for-react-native (1.63.0)
  - DoubleConversion (1.1.6)
  - FBLazyVector (0.64.27)
  - FBReactNativeSpec (0.64.27):
    - RCT-Folly (= 2020.01.13.00)
    - RCTRequired (= 0.64.27)
    - RCTTypeSafety (= 0.64.27)
    - React-Core (= 0.64.27)
    - React-jsi (= 0.64.27)
    - ReactCommon/turbomodule/core (= 0.64.27)
  - glog (0.3.5)
  - RCT-Folly (2020.01.13.00):
    - boost-for-react-native
    - DoubleConversion
    - glog
    - RCT-Folly/Default (= 2020.01.13.00)
  - RCT-Folly/Default (2020.01.13.00):
    - boost-for-react-native
    - DoubleConversion
    - glog
  - RCTRequired (0.64.27)
  - RCTTypeSafety (0.64.27):
    - FBLazyVector (= 0.64.27)
    - RCT-Folly (= 2020.01.13.00)
    - RCTRequired (= 0.64.27)
    - React-Core (= 0.64.27)
  - React (0.64.27):
    - React-Core (= 0.64.27)
    - React-Core/DevSupport (= 0.64.27)
    - React-Core/RCTWebSocket (= 0.64.27)
    - React-RCTActionSheet (= 0.64.27)
    - React-RCTAnimation (= 0.64.27)
    - React-RCTBlob (= 0.64.27)
    - React-RCTImage (= 0.64.27)
    - React-RCTLinking (= 0.64.27)
    - React-RCTNetwork (= 0.64.27)
    - React-RCTSettings (= 0.64.27)
    - React-RCTText (= 0.64.27)
    - React-RCTVibration (= 0.64.27)
  - React-callinvoker (0.64.27)
  - React-Core (0.64.27):
    - glog
    - RCT-Folly (= 2020.01.13.00)
    - React-Core/Default (= 0.64.27)
    - React-cxxreact (= 0.64.27)
    - React-jsi (= 0.64.27)
    - React-jsiexecutor (= 0.64.27)
    - React-perflogger (= 0.64.27)
    - Yoga
  - React-Core/CoreModulesHeaders (0.64.27):
    - glog
    - RCT-Folly (= 2020.01.13.00)
    - React-Core/Default
    - React-cxxreact (= 0.64.27)
    - React-jsi (= 0.64.27)
    - React-jsiexecutor (= 0.64.27)
    - React-perflogger (= 0.64.27)
    - Yoga
  - React-Core/Default (0.64.27):
    - glog
    - RCT-Folly (= 2020.01.13.00)
    - React-cxxreact (= 0.64.27)
    - React-jsi (= 0.64.27)
    - React-jsiexecutor (= 0.64.27)
    - React-perflogger (= 0.64.27)
    - Yoga
  - React-Core/DevSupport (0.64.27):
    - glog
    - RCT-Folly (= 2020.01.13.00)
    - React-Core/Default (= 0.64.27)
    - React-Core/RCTWebSocket (= 0.64.27)
    - React-cxxreact (= 0.64.27)
    - React-jsi (= 0.64.27)
    - React-jsiexecutor (= 0.64.27)
    - React-jsinspector (= 0.64.27)
    - React-perflogger (= 0.64.27)
    - Yoga
  - React-Core/RCTActionSheetHeaders (0.64.27):
    - glog
    - RCT-Folly (= 2020.01.13.00)
    - React-Core/Default
    - React-cxxreact (= 0.64.27)
    - React-jsi (= 0.64.27)
    - React-jsiexecutor (= 0.64.27)
    - React-perflogger (= 0.64.27)
    - Yoga
  - React-Core/RCTAnimationHeaders (0.64.27):
    - glog
    - RCT-Folly (= 2020.01.13.00)
    - React-Core/Default
    - React-cxxreact (= 0.64.27)
    - React-jsi (= 0.64.27)
    - React-jsiexecutor (= 0.64.27)
    - React-perflogger (= 0.64.27)
    - Yoga
  - React-Core/RCTBlobHeaders (0.64.27):
    - glog
    - RCT-Folly (= 2020.01.13.00)
    - React-Core/Default
    - React-cxxreact (= 0.64.27)
    - React-jsi (= 0.64.27)
    - React-jsiexecutor (= 0.64.27)
    - React-perflogger (= 0.64.27)
    - Yoga
  - React-Core/RCTImageHeaders (0.64.27):
    - glog
    - RCT-Folly (= 2020.01.13.00)
    - React-Core/Default
    - React-cxxreact (= 0.64.27)
    - React-jsi (= 0.64.27)
    - React-jsiexecutor (= 0.64.27)
    - React-perflogger (= 0.64.27)
    - Yoga
  - React-Core/RCTLinkingHeaders (0.64.27):
    - glog
    - RCT-Folly (= 2020.01.13.00)
    - React-Core/Default
    - React-cxxreact (= 0.64.27)
    - React-jsi (= 0.64.27)
    - React-jsiexecutor (= 0.64.27)
    - React-perflogger (= 0.64.27)
    - Yoga
  - React-Core/RCTNetworkHeaders (0.64.27):
    - glog
    - RCT-Folly (= 2020.01.13.00)
    - React-Core/Default
    - React-cxxreact (= 0.64.27)
    - React-jsi (= 0.64.27)
    - React-jsiexecutor (= 0.64.27)
    - React-perflogger (= 0.64.27)
    - Yoga
  - React-Core/RCTSettingsHeaders (0.64.27):
    - glog
    - RCT-Folly (= 2020.01.13.00)
    - React-Core/Default
    - React-cxxreact (= 0.64.27)
    - React-jsi (= 0.64.27)
    - React-jsiexecutor (= 0.64.27)
    - React-perflogger (= 0.64.27)
    - Yoga
  - React-Core/RCTTextHeaders (0.64.27):
    - glog
    - RCT-Folly (= 2020.01.13.00)
    - React-Core/Default
    - React-cxxreact (= 0.64.27)
    - React-jsi (= 0.64.27)
    - React-jsiexecutor (= 0.64.27)
    - React-perflogger (= 0.64.27)
    - Yoga
  - React-Core/RCTVibrationHeaders (0.64.27):
    - glog
    - RCT-Folly (= 2020.01.13.00)
    - React-Core/Default
    - React-cxxreact (= 0.64.27)
    - React-jsi (= 0.64.27)
    - React-jsiexecutor (= 0.64.27)
    - React-perflogger (= 0.64.27)
    - Yoga
  - React-Core/RCTWebSocket (0.64.27):
    - glog
    - RCT-Folly (= 2020.01.13.00)
    - React-Core/Default (= 0.64.27)
    - React-cxxreact (= 0.64.27)
    - React-jsi (= 0.64.27)
    - React-jsiexecutor (= 0.64.27)
    - React-perflogger (= 0.64.27)
    - Yoga
  - React-CoreModules (0.64.27):
    - FBReactNativeSpec (= 0.64.27)
    - RCT-Folly (= 2020.01.13.00)
    - RCTTypeSafety (= 0.64.27)
    - React-Core/CoreModulesHeaders (= 0.64.27)
    - React-jsi (= 0.64.27)
    - React-RCTImage (= 0.64.27)
    - ReactCommon/turbomodule/core (= 0.64.27)
  - React-cxxreact (0.64.27):
    - boost-for-react-native (= 1.63.0)
    - DoubleConversion
    - glog
    - RCT-Folly (= 2020.01.13.00)
    - React-callinvoker (= 0.64.27)
    - React-jsi (= 0.64.27)
    - React-jsinspector (= 0.64.27)
    - React-perflogger (= 0.64.27)
    - React-runtimeexecutor (= 0.64.27)
  - React-jsi (0.64.27):
    - boost-for-react-native (= 1.63.0)
    - DoubleConversion
    - glog
    - RCT-Folly (= 2020.01.13.00)
    - React-jsi/Default (= 0.64.27)
  - React-jsi/Default (0.64.27):
    - boost-for-react-native (= 1.63.0)
    - DoubleConversion
    - glog
    - RCT-Folly (= 2020.01.13.00)
  - React-jsiexecutor (0.64.27):
    - DoubleConversion
    - glog
    - RCT-Folly (= 2020.01.13.00)
    - React-cxxreact (= 0.64.27)
    - React-jsi (= 0.64.27)
    - React-perflogger (= 0.64.27)
  - React-jsinspector (0.64.27)
  - react-native-webview (11.17.2):
    - React-Core
  - React-perflogger (0.64.27)
  - React-RCTActionSheet (0.64.27):
    - React-Core/RCTActionSheetHeaders (= 0.64.27)
  - React-RCTAnimation (0.64.27):
    - FBReactNativeSpec (= 0.64.27)
    - RCT-Folly (= 2020.01.13.00)
    - RCTTypeSafety (= 0.64.27)
    - React-Core/RCTAnimationHeaders (= 0.64.27)
    - React-jsi (= 0.64.27)
    - ReactCommon/turbomodule/core (= 0.64.27)
  - React-RCTBlob (0.64.27):
    - FBReactNativeSpec (= 0.64.27)
    - RCT-Folly (= 2020.01.13.00)
    - React-Core/RCTBlobHeaders (= 0.64.27)
    - React-Core/RCTWebSocket (= 0.64.27)
    - React-jsi (= 0.64.27)
    - React-RCTNetwork (= 0.64.27)
    - ReactCommon/turbomodule/core (= 0.64.27)
  - React-RCTImage (0.64.27):
    - FBReactNativeSpec (= 0.64.27)
    - RCT-Folly (= 2020.01.13.00)
    - RCTTypeSafety (= 0.64.27)
    - React-Core/RCTImageHeaders (= 0.64.27)
    - React-jsi (= 0.64.27)
    - React-RCTNetwork (= 0.64.27)
    - ReactCommon/turbomodule/core (= 0.64.27)
  - React-RCTLinking (0.64.27):
    - FBReactNativeSpec (= 0.64.27)
    - React-Core/RCTLinkingHeaders (= 0.64.27)
    - React-jsi (= 0.64.27)
    - ReactCommon/turbomodule/core (= 0.64.27)
  - React-RCTNetwork (0.64.27):
    - FBReactNativeSpec (= 0.64.27)
    - RCT-Folly (= 2020.01.13.00)
    - RCTTypeSafety (= 0.64.27)
    - React-Core/RCTNetworkHeaders (= 0.64.27)
    - React-jsi (= 0.64.27)
    - ReactCommon/turbomodule/core (= 0.64.27)
  - React-RCTSettings (0.64.27):
    - FBReactNativeSpec (= 0.64.27)
    - RCT-Folly (= 2020.01.13.00)
    - RCTTypeSafety (= 0.64.27)
    - React-Core/RCTSettingsHeaders (= 0.64.27)
    - React-jsi (= 0.64.27)
    - ReactCommon/turbomodule/core (= 0.64.27)
  - React-RCTText (0.64.27):
    - React-Core/RCTTextHeaders (= 0.64.27)
  - React-RCTVibration (0.64.27):
    - FBReactNativeSpec (= 0.64.27)
    - RCT-Folly (= 2020.01.13.00)
    - React-Core/RCTVibrationHeaders (= 0.64.27)
    - React-jsi (= 0.64.27)
    - ReactCommon/turbomodule/core (= 0.64.27)
  - React-runtimeexecutor (0.64.27):
    - React-jsi (= 0.64.27)
  - ReactCommon/turbomodule/core (0.64.27):
    - DoubleConversion
    - glog
    - RCT-Folly (= 2020.01.13.00)
    - React-callinvoker (= 0.64.27)
    - React-Core (= 0.64.27)
    - React-cxxreact (= 0.64.27)
    - React-jsi (= 0.64.27)
    - React-perflogger (= 0.64.27)
  - ReactTestApp-DevSupport (1.0.10):
    - React-Core
    - React-jsi
  - ReactTestApp-Resources (1.0.0-dev)
  - SwiftLint (0.46.2)
  - Yoga (1.14.0)

DEPENDENCIES:
  - boost-for-react-native (from `../../node_modules/react-native-macos/third-party-podspecs/boost-for-react-native.podspec`)
  - DoubleConversion (from `../../node_modules/react-native-macos/third-party-podspecs/DoubleConversion.podspec`)
  - FBLazyVector (from `../../node_modules/react-native-macos/Libraries/FBLazyVector`)
  - FBReactNativeSpec (from `../../node_modules/react-native-macos/React/FBReactNativeSpec`)
  - glog (from `../../node_modules/react-native-macos/third-party-podspecs/glog.podspec`)
  - RCT-Folly (from `../../node_modules/react-native-macos/third-party-podspecs/RCT-Folly.podspec`)
  - RCTRequired (from `../../node_modules/react-native-macos/Libraries/RCTRequired`)
  - RCTTypeSafety (from `../../node_modules/react-native-macos/Libraries/TypeSafety`)
  - React (from `../../node_modules/react-native-macos/`)
  - React-callinvoker (from `../../node_modules/react-native-macos/ReactCommon/callinvoker`)
  - React-Core (from `../../node_modules/react-native-macos/`)
  - React-Core/DevSupport (from `../../node_modules/react-native-macos/`)
  - React-Core/RCTWebSocket (from `../../node_modules/react-native-macos/`)
  - React-CoreModules (from `../../node_modules/react-native-macos/React/CoreModules`)
  - React-cxxreact (from `../../node_modules/react-native-macos/ReactCommon/cxxreact`)
  - React-jsi (from `../../node_modules/react-native-macos/ReactCommon/jsi`)
  - React-jsiexecutor (from `../../node_modules/react-native-macos/ReactCommon/jsiexecutor`)
  - React-jsinspector (from `../../node_modules/react-native-macos/ReactCommon/jsinspector`)
  - react-native-webview (from `../..`)
  - React-perflogger (from `../../node_modules/react-native-macos/ReactCommon/reactperflogger`)
  - React-RCTActionSheet (from `../../node_modules/react-native-macos/Libraries/ActionSheetIOS`)
  - React-RCTAnimation (from `../../node_modules/react-native-macos/Libraries/NativeAnimation`)
  - React-RCTBlob (from `../../node_modules/react-native-macos/Libraries/Blob`)
  - React-RCTImage (from `../../node_modules/react-native-macos/Libraries/Image`)
  - React-RCTLinking (from `../../node_modules/react-native-macos/Libraries/LinkingIOS`)
  - React-RCTNetwork (from `../../node_modules/react-native-macos/Libraries/Network`)
  - React-RCTSettings (from `../../node_modules/react-native-macos/Libraries/Settings`)
  - React-RCTText (from `../../node_modules/react-native-macos/Libraries/Text`)
  - React-RCTVibration (from `../../node_modules/react-native-macos/Libraries/Vibration`)
  - React-runtimeexecutor (from `../../node_modules/react-native-macos/ReactCommon/runtimeexecutor`)
  - ReactCommon/turbomodule/core (from `../../node_modules/react-native-macos/ReactCommon`)
  - ReactTestApp-DevSupport (from `../../node_modules/react-native-test-app`)
  - ReactTestApp-Resources (from `..`)
  - SwiftLint
  - Yoga (from `../../node_modules/react-native-macos/ReactCommon/yoga`)

SPEC REPOS:
  trunk:
    - SwiftLint

EXTERNAL SOURCES:
  boost-for-react-native:
    :podspec: "../../node_modules/react-native-macos/third-party-podspecs/boost-for-react-native.podspec"
  DoubleConversion:
    :podspec: "../../node_modules/react-native-macos/third-party-podspecs/DoubleConversion.podspec"
  FBLazyVector:
    :path: "../../node_modules/react-native-macos/Libraries/FBLazyVector"
  FBReactNativeSpec:
    :path: "../../node_modules/react-native-macos/React/FBReactNativeSpec"
  glog:
    :podspec: "../../node_modules/react-native-macos/third-party-podspecs/glog.podspec"
  RCT-Folly:
    :podspec: "../../node_modules/react-native-macos/third-party-podspecs/RCT-Folly.podspec"
  RCTRequired:
    :path: "../../node_modules/react-native-macos/Libraries/RCTRequired"
  RCTTypeSafety:
    :path: "../../node_modules/react-native-macos/Libraries/TypeSafety"
  React:
    :path: "../../node_modules/react-native-macos/"
  React-callinvoker:
    :path: "../../node_modules/react-native-macos/ReactCommon/callinvoker"
  React-Core:
    :path: "../../node_modules/react-native-macos/"
  React-CoreModules:
    :path: "../../node_modules/react-native-macos/React/CoreModules"
  React-cxxreact:
    :path: "../../node_modules/react-native-macos/ReactCommon/cxxreact"
  React-jsi:
    :path: "../../node_modules/react-native-macos/ReactCommon/jsi"
  React-jsiexecutor:
    :path: "../../node_modules/react-native-macos/ReactCommon/jsiexecutor"
  React-jsinspector:
    :path: "../../node_modules/react-native-macos/ReactCommon/jsinspector"
  react-native-webview:
    :path: "../.."
  React-perflogger:
    :path: "../../node_modules/react-native-macos/ReactCommon/reactperflogger"
  React-RCTActionSheet:
    :path: "../../node_modules/react-native-macos/Libraries/ActionSheetIOS"
  React-RCTAnimation:
    :path: "../../node_modules/react-native-macos/Libraries/NativeAnimation"
  React-RCTBlob:
    :path: "../../node_modules/react-native-macos/Libraries/Blob"
  React-RCTImage:
    :path: "../../node_modules/react-native-macos/Libraries/Image"
  React-RCTLinking:
    :path: "../../node_modules/react-native-macos/Libraries/LinkingIOS"
  React-RCTNetwork:
    :path: "../../node_modules/react-native-macos/Libraries/Network"
  React-RCTSettings:
    :path: "../../node_modules/react-native-macos/Libraries/Settings"
  React-RCTText:
    :path: "../../node_modules/react-native-macos/Libraries/Text"
  React-RCTVibration:
    :path: "../../node_modules/react-native-macos/Libraries/Vibration"
  React-runtimeexecutor:
    :path: "../../node_modules/react-native-macos/ReactCommon/runtimeexecutor"
  ReactCommon:
    :path: "../../node_modules/react-native-macos/ReactCommon"
  ReactTestApp-DevSupport:
    :path: "../../node_modules/react-native-test-app"
  ReactTestApp-Resources:
    :path: ".."
  Yoga:
    :path: "../../node_modules/react-native-macos/ReactCommon/yoga"

SPEC CHECKSUMS:
  boost-for-react-native: d5ad1140010aa8cb622323a781ecbeab4425d19a
  DoubleConversion: 0ea4559a49682230337df966e735d6cc7760108e
  FBLazyVector: 5a2f9592b6a73a6058558956d167bb1ad684c7c2
  FBReactNativeSpec: 8c0f052610aca39852edaa724e08739565dbac42
  glog: 0dc7efada961c0793012970b60faebbd58b0decb
  RCT-Folly: b3998425a8ee9f695f57a204dc494534246f0fe9
  RCTRequired: 476b7e9b6fe8f6795b3c2a32613eda0f2bf70659
  RCTTypeSafety: 8a74abf2ade4e1e464831b6d63f80b89107fc069
  React: fbab5f0bbf2f3fdc47b20d6f8fb1f9dda7814053
  React-callinvoker: 5da8f570452f13cf7e5faf216092f5da82da3d11
  React-Core: 7d84e349d0ca6e14693175ac5aeb72371433d977
  React-CoreModules: 64e9eaf3e56585233b99ddcdab4eeda0f3947b33
  React-cxxreact: 4318977ebf4b4bdf9d1db19deb079121659925dd
  React-jsi: d57227c937e7658c0d565370790124c23c793f35
  React-jsiexecutor: c3d1155f35163d8c077b6767dad18a41913e3dcd
  React-jsinspector: 6593643f36af11dab5f53396df73cb2284fd5c9a
  react-native-webview: 380c1a03ec94b7ed764dac8db1e7c9952d08c93a
  React-perflogger: fdfe29e7772de8ffb6f2839f10380c985bca4687
  React-RCTActionSheet: 53bce013367652e49dbb128a4236f76973264710
  React-RCTAnimation: f431c95d12262f7690137d8d5071b12eede8af62
  React-RCTBlob: 88a533c439c2f02d45d8fdbba14d3cf54737e778
  React-RCTImage: a6305a92c166c5f8be14c2624918eb84b8c93651
  React-RCTLinking: ab6174291d7568071f8511a4d4d78eedf16b976e
  React-RCTNetwork: 74d93063da8eca72f153e82a65308c7b3efc37f3
  React-RCTSettings: 66c9324eb471c4b718784c39e0aaff90164ddcbf
  React-RCTText: 7f9a1d29e7fe6279e9bc9eec6d447a0d45f392de
  React-RCTVibration: 027f7cf1e570a3e851dfceda2dbbd635af623ca0
  React-runtimeexecutor: 80e779465c0d81aa5bd7b571ea2981cf7e86cf34
  ReactCommon: 9dd2d2d804057ebba91603459b31c6f03a25c51c
  ReactTestApp-DevSupport: fb6f3dd890c2dfef85a1197e156e15ad122434ed
  ReactTestApp-Resources: bb546b3a5dca4b7931bee423d4ef28cd94b346cf
  SwiftLint: 6bc52a21f0fd44cab9aa2dc8e534fb9f5e3ec507
  Yoga: d40948211a16713378654fe5d445c25048030bda

PODFILE CHECKSUM: 3ad7b6f02d15d45c80a21a9adca7ac8f2d66eaac

COCOAPODS: 1.11.2
