PODS:
  - boost (1.76.0)
  - DoubleConversion (1.1.6)
  - FBLazyVector (0.68.62)
  - FBReactNativeSpec (0.68.62):
    - RCT-Folly (= 2021.06.28.00-v2)
    - RCTRequired (= 0.68.62)
    - RCTTypeSafety (= 0.68.62)
    - React-Core (= 0.68.62)
    - React-jsi (= 0.68.62)
    - ReactCommon/turbomodule/core (= 0.68.62)
  - fmt (6.2.1)
  - glog (0.3.5)
  - RCT-Folly (2021.06.28.00-v2):
    - boost
    - DoubleConversion
    - fmt (~> 6.2.1)
    - glog
    - RCT-Folly/Default (= 2021.06.28.00-v2)
  - RCT-Folly/Default (2021.06.28.00-v2):
    - boost
    - DoubleConversion
    - fmt (~> 6.2.1)
    - glog
  - RCTRequired (0.68.62)
  - RCTTypeSafety (0.68.62):
    - FBLazyVector (= 0.68.62)
    - RCT-Folly (= 2021.06.28.00-v2)
    - RCTRequired (= 0.68.62)
    - React-Core (= 0.68.62)
  - React (0.68.62):
    - React-Core (= 0.68.62)
    - React-Core/DevSupport (= 0.68.62)
    - React-Core/RCTWebSocket (= 0.68.62)
    - React-RCTActionSheet (= 0.68.62)
    - React-RCTAnimation (= 0.68.62)
    - React-RCTBlob (= 0.68.62)
    - React-RCTImage (= 0.68.62)
    - React-RCTLinking (= 0.68.62)
    - React-RCTNetwork (= 0.68.62)
    - React-RCTSettings (= 0.68.62)
    - React-RCTText (= 0.68.62)
    - React-RCTVibration (= 0.68.62)
  - React-callinvoker (0.68.62)
  - React-Codegen (0.68.62):
    - FBReactNativeSpec (= 0.68.62)
    - RCT-Folly (= 2021.06.28.00-v2)
    - RCTRequired (= 0.68.62)
    - RCTTypeSafety (= 0.68.62)
    - React-Core (= 0.68.62)
    - React-jsi (= 0.68.62)
    - React-jsiexecutor (= 0.68.62)
    - ReactCommon/turbomodule/core (= 0.68.62)
  - React-Core (0.68.62):
    - glog
    - RCT-Folly (= 2021.06.28.00-v2)
    - React-Core/Default (= 0.68.62)
    - React-cxxreact (= 0.68.62)
    - React-jsi (= 0.68.62)
    - React-jsiexecutor (= 0.68.62)
    - React-perflogger (= 0.68.62)
    - Yoga
  - React-Core/CoreModulesHeaders (0.68.62):
    - glog
    - RCT-Folly (= 2021.06.28.00-v2)
    - React-Core/Default
    - React-cxxreact (= 0.68.62)
    - React-jsi (= 0.68.62)
    - React-jsiexecutor (= 0.68.62)
    - React-perflogger (= 0.68.62)
    - Yoga
  - React-Core/Default (0.68.62):
    - glog
    - RCT-Folly (= 2021.06.28.00-v2)
    - React-cxxreact (= 0.68.62)
    - React-jsi (= 0.68.62)
    - React-jsiexecutor (= 0.68.62)
    - React-perflogger (= 0.68.62)
    - Yoga
  - React-Core/DevSupport (0.68.62):
    - glog
    - RCT-Folly (= 2021.06.28.00-v2)
    - React-Core/Default (= 0.68.62)
    - React-Core/RCTWebSocket (= 0.68.62)
    - React-cxxreact (= 0.68.62)
    - React-jsi (= 0.68.62)
    - React-jsiexecutor (= 0.68.62)
    - React-jsinspector (= 0.68.62)
    - React-perflogger (= 0.68.62)
    - Yoga
  - React-Core/RCTActionSheetHeaders (0.68.62):
    - glog
    - RCT-Folly (= 2021.06.28.00-v2)
    - React-Core/Default
    - React-cxxreact (= 0.68.62)
    - React-jsi (= 0.68.62)
    - React-jsiexecutor (= 0.68.62)
    - React-perflogger (= 0.68.62)
    - Yoga
  - React-Core/RCTAnimationHeaders (0.68.62):
    - glog
    - RCT-Folly (= 2021.06.28.00-v2)
    - React-Core/Default
    - React-cxxreact (= 0.68.62)
    - React-jsi (= 0.68.62)
    - React-jsiexecutor (= 0.68.62)
    - React-perflogger (= 0.68.62)
    - Yoga
  - React-Core/RCTBlobHeaders (0.68.62):
    - glog
    - RCT-Folly (= 2021.06.28.00-v2)
    - React-Core/Default
    - React-cxxreact (= 0.68.62)
    - React-jsi (= 0.68.62)
    - React-jsiexecutor (= 0.68.62)
    - React-perflogger (= 0.68.62)
    - Yoga
  - React-Core/RCTImageHeaders (0.68.62):
    - glog
    - RCT-Folly (= 2021.06.28.00-v2)
    - React-Core/Default
    - React-cxxreact (= 0.68.62)
    - React-jsi (= 0.68.62)
    - React-jsiexecutor (= 0.68.62)
    - React-perflogger (= 0.68.62)
    - Yoga
  - React-Core/RCTLinkingHeaders (0.68.62):
    - glog
    - RCT-Folly (= 2021.06.28.00-v2)
    - React-Core/Default
    - React-cxxreact (= 0.68.62)
    - React-jsi (= 0.68.62)
    - React-jsiexecutor (= 0.68.62)
    - React-perflogger (= 0.68.62)
    - Yoga
  - React-Core/RCTNetworkHeaders (0.68.62):
    - glog
    - RCT-Folly (= 2021.06.28.00-v2)
    - React-Core/Default
    - React-cxxreact (= 0.68.62)
    - React-jsi (= 0.68.62)
    - React-jsiexecutor (= 0.68.62)
    - React-perflogger (= 0.68.62)
    - Yoga
  - React-Core/RCTSettingsHeaders (0.68.62):
    - glog
    - RCT-Folly (= 2021.06.28.00-v2)
    - React-Core/Default
    - React-cxxreact (= 0.68.62)
    - React-jsi (= 0.68.62)
    - React-jsiexecutor (= 0.68.62)
    - React-perflogger (= 0.68.62)
    - Yoga
  - React-Core/RCTTextHeaders (0.68.62):
    - glog
    - RCT-Folly (= 2021.06.28.00-v2)
    - React-Core/Default
    - React-cxxreact (= 0.68.62)
    - React-jsi (= 0.68.62)
    - React-jsiexecutor (= 0.68.62)
    - React-perflogger (= 0.68.62)
    - Yoga
  - React-Core/RCTVibrationHeaders (0.68.62):
    - glog
    - RCT-Folly (= 2021.06.28.00-v2)
    - React-Core/Default
    - React-cxxreact (= 0.68.62)
    - React-jsi (= 0.68.62)
    - React-jsiexecutor (= 0.68.62)
    - React-perflogger (= 0.68.62)
    - Yoga
  - React-Core/RCTWebSocket (0.68.62):
    - glog
    - RCT-Folly (= 2021.06.28.00-v2)
    - React-Core/Default (= 0.68.62)
    - React-cxxreact (= 0.68.62)
    - React-jsi (= 0.68.62)
    - React-jsiexecutor (= 0.68.62)
    - React-perflogger (= 0.68.62)
    - Yoga
  - React-CoreModules (0.68.62):
    - RCT-Folly (= 2021.06.28.00-v2)
    - RCTTypeSafety (= 0.68.62)
    - React-Codegen (= 0.68.62)
    - React-Core/CoreModulesHeaders (= 0.68.62)
    - React-jsi (= 0.68.62)
    - React-RCTImage (= 0.68.62)
    - ReactCommon/turbomodule/core (= 0.68.62)
  - React-cxxreact (0.68.62):
    - boost (= 1.76.0)
    - DoubleConversion
    - glog
    - RCT-Folly (= 2021.06.28.00-v2)
    - React-callinvoker (= 0.68.62)
    - React-jsi (= 0.68.62)
    - React-jsinspector (= 0.68.62)
    - React-logger (= 0.68.62)
    - React-perflogger (= 0.68.62)
    - React-runtimeexecutor (= 0.68.62)
  - React-jsi (0.68.62):
    - boost (= 1.76.0)
    - DoubleConversion
    - glog
    - RCT-Folly (= 2021.06.28.00-v2)
    - React-jsi/Default (= 0.68.62)
  - React-jsi/Default (0.68.62):
    - boost (= 1.76.0)
    - DoubleConversion
    - glog
    - RCT-Folly (= 2021.06.28.00-v2)
  - React-jsiexecutor (0.68.62):
    - DoubleConversion
    - glog
    - RCT-Folly (= 2021.06.28.00-v2)
    - React-cxxreact (= 0.68.62)
    - React-jsi (= 0.68.62)
    - React-perflogger (= 0.68.62)
  - React-jsinspector (0.68.62)
  - React-logger (0.68.62):
    - glog
  - react-native-webview (12.0.0-rc.0):
    - React-Core
  - React-perflogger (0.68.62)
  - React-RCTActionSheet (0.68.62):
    - React-Core/RCTActionSheetHeaders (= 0.68.62)
  - React-RCTAnimation (0.68.62):
    - RCT-Folly (= 2021.06.28.00-v2)
    - RCTTypeSafety (= 0.68.62)
    - React-Codegen (= 0.68.62)
    - React-Core/RCTAnimationHeaders (= 0.68.62)
    - React-jsi (= 0.68.62)
    - ReactCommon/turbomodule/core (= 0.68.62)
  - React-RCTBlob (0.68.62):
    - RCT-Folly (= 2021.06.28.00-v2)
    - React-Codegen (= 0.68.62)
    - React-Core/RCTBlobHeaders (= 0.68.62)
    - React-Core/RCTWebSocket (= 0.68.62)
    - React-jsi (= 0.68.62)
    - React-RCTNetwork (= 0.68.62)
    - ReactCommon/turbomodule/core (= 0.68.62)
  - React-RCTImage (0.68.62):
    - RCT-Folly (= 2021.06.28.00-v2)
    - RCTTypeSafety (= 0.68.62)
    - React-Codegen (= 0.68.62)
    - React-Core/RCTImageHeaders (= 0.68.62)
    - React-jsi (= 0.68.62)
    - React-RCTNetwork (= 0.68.62)
    - ReactCommon/turbomodule/core (= 0.68.62)
  - React-RCTLinking (0.68.62):
    - React-Codegen (= 0.68.62)
    - React-Core/RCTLinkingHeaders (= 0.68.62)
    - React-jsi (= 0.68.62)
    - ReactCommon/turbomodule/core (= 0.68.62)
  - React-RCTNetwork (0.68.62):
    - RCT-Folly (= 2021.06.28.00-v2)
    - RCTTypeSafety (= 0.68.62)
    - React-Codegen (= 0.68.62)
    - React-Core/RCTNetworkHeaders (= 0.68.62)
    - React-jsi (= 0.68.62)
    - ReactCommon/turbomodule/core (= 0.68.62)
  - React-RCTSettings (0.68.62):
    - RCT-Folly (= 2021.06.28.00-v2)
    - RCTTypeSafety (= 0.68.62)
    - React-Codegen (= 0.68.62)
    - React-Core/RCTSettingsHeaders (= 0.68.62)
    - React-jsi (= 0.68.62)
    - ReactCommon/turbomodule/core (= 0.68.62)
  - React-RCTText (0.68.62):
    - React-Core/RCTTextHeaders (= 0.68.62)
  - React-RCTVibration (0.68.62):
    - RCT-Folly (= 2021.06.28.00-v2)
    - React-Codegen (= 0.68.62)
    - React-Core/RCTVibrationHeaders (= 0.68.62)
    - React-jsi (= 0.68.62)
    - ReactCommon/turbomodule/core (= 0.68.62)
  - React-runtimeexecutor (0.68.62):
    - React-jsi (= 0.68.62)
  - ReactCommon/turbomodule/core (0.68.62):
    - DoubleConversion
    - glog
    - RCT-Folly (= 2021.06.28.00-v2)
    - React-callinvoker (= 0.68.62)
    - React-Core (= 0.68.62)
    - React-cxxreact (= 0.68.62)
    - React-jsi (= 0.68.62)
    - React-logger (= 0.68.62)
    - React-perflogger (= 0.68.62)
  - ReactTestApp-DevSupport (2.3.2):
    - React-Core
    - React-jsi
  - ReactTestApp-Resources (1.0.0-dev)
  - Yoga (1.14.0)

DEPENDENCIES:
  - boost (from `../../node_modules/react-native-macos/third-party-podspecs/boost.podspec`)
  - DoubleConversion (from `../../node_modules/react-native-macos/third-party-podspecs/DoubleConversion.podspec`)
  - FBLazyVector (from `../../node_modules/react-native-macos/Libraries/FBLazyVector`)
  - FBReactNativeSpec (from `../../node_modules/react-native-macos/React/FBReactNativeSpec`)
  - glog (from `../../node_modules/react-native-macos/third-party-podspecs/glog.podspec`)
  - RCT-Folly (from `../../node_modules/react-native-macos/third-party-podspecs/RCT-Folly.podspec`)
  - RCTRequired (from `../../node_modules/react-native-macos/Libraries/RCTRequired`)
  - RCTTypeSafety (from `../../node_modules/react-native-macos/Libraries/TypeSafety`)
  - React (from `../../node_modules/react-native-macos/`)
  - React-callinvoker (from `../../node_modules/react-native-macos/ReactCommon/callinvoker`)
  - React-Codegen (from `build/generated/ios`)
  - React-Core (from `../../node_modules/react-native-macos/`)
  - React-Core/DevSupport (from `../../node_modules/react-native-macos/`)
  - React-Core/RCTWebSocket (from `../../node_modules/react-native-macos/`)
  - React-CoreModules (from `../../node_modules/react-native-macos/React/CoreModules`)
  - React-cxxreact (from `../../node_modules/react-native-macos/ReactCommon/cxxreact`)
  - React-jsi (from `../../node_modules/react-native-macos/ReactCommon/jsi`)
  - React-jsiexecutor (from `../../node_modules/react-native-macos/ReactCommon/jsiexecutor`)
  - React-jsinspector (from `../../node_modules/react-native-macos/ReactCommon/jsinspector`)
  - React-logger (from `../../node_modules/react-native-macos/ReactCommon/logger`)
  - react-native-webview (from `../..`)
  - React-perflogger (from `../../node_modules/react-native-macos/ReactCommon/reactperflogger`)
  - React-RCTActionSheet (from `../../node_modules/react-native-macos/Libraries/ActionSheetIOS`)
  - React-RCTAnimation (from `../../node_modules/react-native-macos/Libraries/NativeAnimation`)
  - React-RCTBlob (from `../../node_modules/react-native-macos/Libraries/Blob`)
  - React-RCTImage (from `../../node_modules/react-native-macos/Libraries/Image`)
  - React-RCTLinking (from `../../node_modules/react-native-macos/Libraries/LinkingIOS`)
  - React-RCTNetwork (from `../../node_modules/react-native-macos/Libraries/Network`)
  - React-RCTSettings (from `../../node_modules/react-native-macos/Libraries/Settings`)
  - React-RCTText (from `../../node_modules/react-native-macos/Libraries/Text`)
  - React-RCTVibration (from `../../node_modules/react-native-macos/Libraries/Vibration`)
  - React-runtimeexecutor (from `../../node_modules/react-native-macos/ReactCommon/runtimeexecutor`)
  - ReactCommon/turbomodule/core (from `../../node_modules/react-native-macos/ReactCommon`)
  - ReactTestApp-DevSupport (from `../../node_modules/react-native-test-app`)
  - ReactTestApp-Resources (from `..`)
  - Yoga (from `../../node_modules/react-native-macos/ReactCommon/yoga`)

SPEC REPOS:
  trunk:
    - fmt

EXTERNAL SOURCES:
  boost:
    :podspec: "../../node_modules/react-native-macos/third-party-podspecs/boost.podspec"
  DoubleConversion:
    :podspec: "../../node_modules/react-native-macos/third-party-podspecs/DoubleConversion.podspec"
  FBLazyVector:
    :path: "../../node_modules/react-native-macos/Libraries/FBLazyVector"
  FBReactNativeSpec:
    :path: "../../node_modules/react-native-macos/React/FBReactNativeSpec"
  glog:
    :podspec: "../../node_modules/react-native-macos/third-party-podspecs/glog.podspec"
  RCT-Folly:
    :podspec: "../../node_modules/react-native-macos/third-party-podspecs/RCT-Folly.podspec"
  RCTRequired:
    :path: "../../node_modules/react-native-macos/Libraries/RCTRequired"
  RCTTypeSafety:
    :path: "../../node_modules/react-native-macos/Libraries/TypeSafety"
  React:
    :path: "../../node_modules/react-native-macos/"
  React-callinvoker:
    :path: "../../node_modules/react-native-macos/ReactCommon/callinvoker"
  React-Codegen:
    :path: build/generated/ios
  React-Core:
    :path: "../../node_modules/react-native-macos/"
  React-CoreModules:
    :path: "../../node_modules/react-native-macos/React/CoreModules"
  React-cxxreact:
    :path: "../../node_modules/react-native-macos/ReactCommon/cxxreact"
  React-jsi:
    :path: "../../node_modules/react-native-macos/ReactCommon/jsi"
  React-jsiexecutor:
    :path: "../../node_modules/react-native-macos/ReactCommon/jsiexecutor"
  React-jsinspector:
    :path: "../../node_modules/react-native-macos/ReactCommon/jsinspector"
  React-logger:
    :path: "../../node_modules/react-native-macos/ReactCommon/logger"
  react-native-webview:
    :path: "../.."
  React-perflogger:
    :path: "../../node_modules/react-native-macos/ReactCommon/reactperflogger"
  React-RCTActionSheet:
    :path: "../../node_modules/react-native-macos/Libraries/ActionSheetIOS"
  React-RCTAnimation:
    :path: "../../node_modules/react-native-macos/Libraries/NativeAnimation"
  React-RCTBlob:
    :path: "../../node_modules/react-native-macos/Libraries/Blob"
  React-RCTImage:
    :path: "../../node_modules/react-native-macos/Libraries/Image"
  React-RCTLinking:
    :path: "../../node_modules/react-native-macos/Libraries/LinkingIOS"
  React-RCTNetwork:
    :path: "../../node_modules/react-native-macos/Libraries/Network"
  React-RCTSettings:
    :path: "../../node_modules/react-native-macos/Libraries/Settings"
  React-RCTText:
    :path: "../../node_modules/react-native-macos/Libraries/Text"
  React-RCTVibration:
    :path: "../../node_modules/react-native-macos/Libraries/Vibration"
  React-runtimeexecutor:
    :path: "../../node_modules/react-native-macos/ReactCommon/runtimeexecutor"
  ReactCommon:
    :path: "../../node_modules/react-native-macos/ReactCommon"
  ReactTestApp-DevSupport:
    :path: "../../node_modules/react-native-test-app"
  ReactTestApp-Resources:
    :path: ".."
  Yoga:
    :path: "../../node_modules/react-native-macos/ReactCommon/yoga"

SPEC CHECKSUMS:
  boost: 613e39eac4239cc72b15421247b5ab05361266a2
  DoubleConversion: ed15e075aa758ac0e4c1f8b830bd4e4d40d669e8
  FBLazyVector: 476cc84f9fec4a6988871e6af22fc484de505767
  FBReactNativeSpec: 599e6ed6a5979261ddb7d5c0421a36897fcaf1cc
  fmt: ff9d55029c625d3757ed641535fd4a75fedc7ce9
  glog: 20113a0d46931b6f096cf8302c68691d75a456ff
  RCT-Folly: 5544a3ff21f4406e70e92a8711598e97fc81517c
  RCTRequired: 023a1e179ee2f19716f408aa6139ab1519ca7c2a
  RCTTypeSafety: 82dd668bad65235631a88afc7767a5a2975710f6
  React: 7aeda534cd94a13bfe4ee41c54873b6e94e4dd5c
  React-callinvoker: 92923c7c5728d0cf923edf28993aac12ff950bdd
  React-Codegen: c9605b3292a3089a6c08d81a4ce91f56865de6fe
  React-Core: bbc4cd945153924b7fdd561f65848ce939781390
  React-CoreModules: 36ef084a60778dd7e6a475bd554c8f64afc05d84
  React-cxxreact: d778321f58d8743f6f663f5ac6da9009130931b7
  React-jsi: 4fd996624ef520667e114fcc3d2f1867196d0f47
  React-jsiexecutor: 1862151d3f809499c82d7f66a3ca624b4d6b49d9
  React-jsinspector: 39348b9a3417419aea646f41cba625e1a7bbbd30
  React-logger: 7a2e45e85d0fe59edb6d4fb2cbcbb9981ab9486e
  react-native-webview: bf1329769290feefad471977132b5fb6c8288f71
  React-perflogger: 20ae52b52ce2c0e1e257e0c0502f8f08a0b43ff9
  React-RCTActionSheet: 2a62f3135a621bbf90504a28205cf5ef05b27bea
  React-RCTAnimation: 219eb987ed34c38cbf13096062da7ddc142f0fac
  React-RCTBlob: e3fb25043782acd848669cac9a15270f5702256c
  React-RCTImage: fd5acd0da73155da5d3af967987861ab8296abe5
  React-RCTLinking: 0bc10a82b83569e85c0f971e5adf5a53856989b6
  React-RCTNetwork: 72cf76e577b16ceb90964bbbda07b2f22817de57
  React-RCTSettings: 83d48be06041a57485e59820f23b1050560dabe6
  React-RCTText: 79b5b9221fceb445d4299003628c0dd0300fa8e2
  React-RCTVibration: c25bc2b1d5bea3f2fd8bd1931c3a23df604c7a57
  React-runtimeexecutor: 71d892141f53ed18c108d97ce49083d7792c8cca
  ReactCommon: 2ac737725b34d197ba527a4055a842374633de3d
  ReactTestApp-DevSupport: 1646ce70be36400a60ca18608284f3f7099a35c1
  ReactTestApp-Resources: 8539dac0f8d2ef3821827a537e37812104c6ff78
  Yoga: 6c7edb98bf534779ae3d0af1790018da859047c9

PODFILE CHECKSUM: 3ad7b6f02d15d45c80a21a9adca7ac8f2d66eaac

COCOAPODS: 1.11.3
